
Microsoft Visual Studio Solution File, Format Version 12.00
# Visual Studio Version 16
VisualStudioVersion = 16.0.31205.134
MinimumVisualStudioVersion = 10.0.40219.1
Project("{FAE04EC0-301F-11D3-BF4B-00C04F79EFBC}") = "VivaSaude.API", "VivaSaude.API\VivaSaude.API.csproj", "{0AA3D838-5933-4B25-A850-683D265C27D0}"
EndProject
Global
	GlobalSection(SolutionConfigurationPlatforms) = preSolution
		Debug|Any CPU = Debug|Any CPU
		Release|Any CPU = Release|Any CPU
	EndGlobalSection
	GlobalSection(ProjectConfigurationPlatforms) = postSolution
		{0AA3D838-5933-4B25-A850-683D265C27D0}.Debug|Any CPU.ActiveCfg = Debug|Any CPU
		{0AA3D838-5933-4B25-A850-683D265C27D0}.Debug|Any CPU.Build.0 = Debug|Any CPU
		{0AA3D838-5933-4B25-A850-683D265C27D0}.Release|Any CPU.ActiveCfg = Release|Any CPU
		{0AA3D838-5933-4B25-A850-683D265C27D0}.Release|Any CPU.Build.0 = Release|Any CPU
	EndGlobalSection
	GlobalSection(SolutionProperties) = preSolution
		HideSolutionNode = FALSE
	EndGlobalSection
	GlobalSection(ExtensibilityGlobals) = postSolution
		SolutionGuid = {8AB51A42-F930-4A2B-9DF7-4B3BB2849CE1}
	EndGlobalSection
EndGlobal
